
Microsoft Visual Studio Solution File, Format Version 12.00
# Visual Studio Version 16
VisualStudioVersion = 16.0.30223.230
MinimumVisualStudioVersion = 10.0.40219.1
Project("{9A19103F-16F7-4668-BE54-9A1E7A4F7556}") = "InvoiceManager", "InvoiceManager.csproj", "{E875D1B7-9BA2-407A-9560-ED3DB8C88504}"
EndProject
Global
	GlobalSection(SolutionConfigurationPlatforms) = preSolution
		Debug|Any CPU = Debug|Any CPU
		Release|Any CPU = Release|Any CPU
	EndGlobalSection
	GlobalSection(ProjectConfigurationPlatforms) = postSolution
		{E875D1B7-9BA2-407A-9560-ED3DB8C88504}.Debug|Any CPU.ActiveCfg = Debug|Any CPU
		{E875D1B7-9BA2-407A-9560-ED3DB8C88504}.Debug|Any CPU.Build.0 = Debug|Any CPU
		{E875D1B7-9BA2-407A-9560-ED3DB8C88504}.Release|Any CPU.ActiveCfg = Release|Any CPU
		{E875D1B7-9BA2-407A-9560-ED3DB8C88504}.Release|Any CPU.Build.0 = Release|Any CPU
	EndGlobalSection
	GlobalSection(SolutionProperties) = preSolution
		HideSolutionNode = FALSE
	EndGlobalSection
	GlobalSection(ExtensibilityGlobals) = postSolution
		SolutionGuid = {8C8580DE-8746-4F52-AF5E-648A05CA3CCE}
	EndGlobalSection
EndGlobal
